
Microsoft Visual Studio Solution File, Format Version 12.00
# Visual Studio Version 17
VisualStudioVersion = 17.14.36429.23
MinimumVisualStudioVersion = 10.0.40219.1
Project("{2150E333-8FDC-42A3-9474-1A3956D46DE8}") = "Task0", "Task0", "{02EA681E-C7D8-13C7-8484-4AC65E1B71E8}"
EndProject
Project("{FAE04EC0-301F-11D3-BF4B-00C04F79EFBC}") = "Tyuiu.PisarevMA.Sprint2.Task0.V23", "Tyuiu.PisarevMA.Sprint2.Task0.V23\Tyuiu.PisarevMA.Sprint2.Task0.V23.csproj", "{EB3E1333-8899-4377-8F3B-FF7F6ABE7929}"
EndProject
Project("{FAE04EC0-301F-11D3-BF4B-00C04F79EFBC}") = "Tyuiu.PisarevMA.Sprint2.Task0.V23.Lib", "Tyuiu.PisarevMA.Sprint2.Task0.V23.Lib\Tyuiu.PisarevMA.Sprint2.Task0.V23.Lib.csproj", "{FE25E8C3-32FE-40F0-A2C5-6030E1CF7FA8}"
EndProject
Project("{FAE04EC0-301F-11D3-BF4B-00C04F79EFBC}") = "Tyuiu.PisarevMA.Sprint2.Task0.V23.Test", "Tyuiu.PisarevMA.Sprint2.Task0.V23.Test\Tyuiu.PisarevMA.Sprint2.Task0.V23.Test.csproj", "{6BA57EA7-13D4-43E3-A4E2-E5285DD84FE1}"
EndProject
Project("{2150E333-8FDC-42A3-9474-1A3956D46DE8}") = "Task1", "Task1", "{EB8AC078-BB73-4FD7-9E61-A36819DE4F63}"
EndProject
Project("{FAE04EC0-301F-11D3-BF4B-00C04F79EFBC}") = "Tyuiu.PisarevMA.Sprint2.Task1.V2", "Tyuiu.PisarevMA.Sprint2.Task1.V2\Tyuiu.PisarevMA.Sprint2.Task1.V2.csproj", "{AE3C51A1-9477-45BF-BCB4-84F3CEF33F9B}"
EndProject
Project("{FAE04EC0-301F-11D3-BF4B-00C04F79EFBC}") = "Tyuiu.PisarevMA.Sprint2.Task1.V2.Lib", "Tyuiu.PisarevMA.Sprint2.Task1.V2.Lib\Tyuiu.PisarevMA.Sprint2.Task1.V2.Lib.csproj", "{51B3844A-7CC9-451D-8A3C-4BD46601FFE2}"
EndProject
Project("{FAE04EC0-301F-11D3-BF4B-00C04F79EFBC}") = "Tyuiu.PisarevMA.Sprint2.Task1.V2.Test", "Tyuiu.PisarevMA.Sprint2.Task1.V2.Test\Tyuiu.PisarevMA.Sprint2.Task1.V2.Test.csproj", "{46E9CC8D-30A7-45F6-9153-F31C4B4AFED4}"
EndProject
Project("{2150E333-8FDC-42A3-9474-1A3956D46DE8}") = "Task2", "Task2", "{88939780-5AB5-44D6-B187-FB5028633FE8}"
EndProject
Project("{FAE04EC0-301F-11D3-BF4B-00C04F79EFBC}") = "Tyuiu.PisarevMA.Sprint2.Task2.V5", "Tyuiu.PisarevMA.Sprint2.Task2.V5\Tyuiu.PisarevMA.Sprint2.Task2.V5.csproj", "{359AC2D5-5FB9-4FE0-AA88-C681FDD8D6B2}"
EndProject
Project("{FAE04EC0-301F-11D3-BF4B-00C04F79EFBC}") = "Tyuiu.PisarevMA.Sprint2.Task2.V5.Lib", "Tyuiu.PisarevMA.Sprint2.Task2.V5.Lib\Tyuiu.PisarevMA.Sprint2.Task2.V5.Lib.csproj", "{9FBAF6A8-35EF-4795-8526-9219B2F41199}"
EndProject
Project("{FAE04EC0-301F-11D3-BF4B-00C04F79EFBC}") = "Tyuiu.PisarevMA.Sprint2.Task2.V5.Test", "Tyuiu.PisarevMA.Sprint2.Task2.V5.Test\Tyuiu.PisarevMA.Sprint2.Task2.V5.Test.csproj", "{963F0B78-B228-48BA-A74F-D078E86B85A6}"
EndProject
Project("{2150E333-8FDC-42A3-9474-1A3956D46DE8}") = "Task3", "Task3", "{4F06360F-1EBE-4A81-8AFB-10680A4637DE}"
EndProject
Project("{FAE04EC0-301F-11D3-BF4B-00C04F79EFBC}") = "Tyuiu.PisarevMA.Sprint2.Task3.V2", "Tyuiu.PisarevMA.Sprint2.Task3.V2\Tyuiu.PisarevMA.Sprint2.Task3.V2.csproj", "{19E89C23-AD6E-457E-BBD6-C2E27E707019}"
EndProject
Project("{FAE04EC0-301F-11D3-BF4B-00C04F79EFBC}") = "Tyuiu.PisarevMA.Sprint2.Task3.V2.Lib", "Tyuiu.PisarevMA.Sprint2.Task3.V2.Lib\Tyuiu.PisarevMA.Sprint2.Task3.V2.Lib.csproj", "{00A94E64-0B76-4858-9382-38C911B01B5C}"
EndProject
Project("{FAE04EC0-301F-11D3-BF4B-00C04F79EFBC}") = "Tyuiu.PisarevMA.Sprint2.Task3.V2.Test", "Tyuiu.PisarevMA.Sprint2.Task3.V2.Test\Tyuiu.PisarevMA.Sprint2.Task3.V2.Test.csproj", "{90C700A2-648B-4155-9946-22D9642FC392}"
EndProject
Project("{2150E333-8FDC-42A3-9474-1A3956D46DE8}") = "Task4", "Task4", "{26017FD5-F93C-4796-AAF0-1C2259C1B16A}"
EndProject
Project("{FAE04EC0-301F-11D3-BF4B-00C04F79EFBC}") = "Tyuiu.PisarevMA.Sprint2.Task4.V12", "Tyuiu.PisarevMA.Sprint2.Task4.V12\Tyuiu.PisarevMA.Sprint2.Task4.V12.csproj", "{4F198D75-23BB-4FEF-870A-0C4CADEE078C}"
EndProject
Project("{FAE04EC0-301F-11D3-BF4B-00C04F79EFBC}") = "Tyuiu.PisarevMA.Sprint2.Task4.V12.Lib", "Tyuiu.PisarevMA.Sprint2.Task4.V12.Lib\Tyuiu.PisarevMA.Sprint2.Task4.V12.Lib.csproj", "{8837E190-85F4-464E-8ED8-76C4B4EF4741}"
EndProject
Project("{FAE04EC0-301F-11D3-BF4B-00C04F79EFBC}") = "Tyuiu.PisarevMA.Sprint2.Task4.V12.Test", "Tyuiu.PisarevMA.Sprint2.Task4.V12.Test\Tyuiu.PisarevMA.Sprint2.Task4.V12.Test.csproj", "{18D364B0-7371-4AF2-B3A2-03A3D5376FD2}"
EndProject
Project("{2150E333-8FDC-42A3-9474-1A3956D46DE8}") = "Task5", "Task5", "{01503C2D-BC48-493D-B9A6-1769E1986396}"
EndProject
Project("{FAE04EC0-301F-11D3-BF4B-00C04F79EFBC}") = "Tyuiu.PisarevMA.Sprint2.Task5.V7", "Tyuiu.PisarevMA.Sprint2.Task5.V7\Tyuiu.PisarevMA.Sprint2.Task5.V7.csproj", "{CBF3D160-ADB2-4A56-9F0D-A5A59915E120}"
EndProject
Project("{FAE04EC0-301F-11D3-BF4B-00C04F79EFBC}") = "Tyuiu.PisarevMA.Sprint2.Task5.V7.Lib", "Tyuiu.PisarevMA.Sprint2.Task5.V7.Lib\Tyuiu.PisarevMA.Sprint2.Task5.V7.Lib.csproj", "{367F185B-D263-4B29-A871-4BB2E0CEF849}"
EndProject
Project("{FAE04EC0-301F-11D3-BF4B-00C04F79EFBC}") = "Tyuiu.PisarevMA.Sprint2.Task5.V7.Test", "Tyuiu.PisarevMA.Sprint2.Task5.V7.Test\Tyuiu.PisarevMA.Sprint2.Task5.V7.Test.csproj", "{D1BCB1AE-1146-4598-ADC2-5C511E2B0B44}"
EndProject
Global
	GlobalSection(SolutionConfigurationPlatforms) = preSolution
		Debug|Any CPU = Debug|Any CPU
		Release|Any CPU = Release|Any CPU
	EndGlobalSection
	GlobalSection(ProjectConfigurationPlatforms) = postSolution
		{EB3E1333-8899-4377-8F3B-FF7F6ABE7929}.Debug|Any CPU.ActiveCfg = Debug|Any CPU
		{EB3E1333-8899-4377-8F3B-FF7F6ABE7929}.Debug|Any CPU.Build.0 = Debug|Any CPU
		{EB3E1333-8899-4377-8F3B-FF7F6ABE7929}.Release|Any CPU.ActiveCfg = Release|Any CPU
		{EB3E1333-8899-4377-8F3B-FF7F6ABE7929}.Release|Any CPU.Build.0 = Release|Any CPU
		{FE25E8C3-32FE-40F0-A2C5-6030E1CF7FA8}.Debug|Any CPU.ActiveCfg = Debug|Any CPU
		{FE25E8C3-32FE-40F0-A2C5-6030E1CF7FA8}.Debug|Any CPU.Build.0 = Debug|Any CPU
		{FE25E8C3-32FE-40F0-A2C5-6030E1CF7FA8}.Release|Any CPU.ActiveCfg = Release|Any CPU
		{FE25E8C3-32FE-40F0-A2C5-6030E1CF7FA8}.Release|Any CPU.Build.0 = Release|Any CPU
		{6BA57EA7-13D4-43E3-A4E2-E5285DD84FE1}.Debug|Any CPU.ActiveCfg = Debug|Any CPU
		{6BA57EA7-13D4-43E3-A4E2-E5285DD84FE1}.Debug|Any CPU.Build.0 = Debug|Any CPU
		{6BA57EA7-13D4-43E3-A4E2-E5285DD84FE1}.Release|Any CPU.ActiveCfg = Release|Any CPU
		{6BA57EA7-13D4-43E3-A4E2-E5285DD84FE1}.Release|Any CPU.Build.0 = Release|Any CPU
		{AE3C51A1-9477-45BF-BCB4-84F3CEF33F9B}.Debug|Any CPU.ActiveCfg = Debug|Any CPU
		{AE3C51A1-9477-45BF-BCB4-84F3CEF33F9B}.Debug|Any CPU.Build.0 = Debug|Any CPU
		{AE3C51A1-9477-45BF-BCB4-84F3CEF33F9B}.Release|Any CPU.ActiveCfg = Release|Any CPU
		{AE3C51A1-9477-45BF-BCB4-84F3CEF33F9B}.Release|Any CPU.Build.0 = Release|Any CPU
		{51B3844A-7CC9-451D-8A3C-4BD46601FFE2}.Debug|Any CPU.ActiveCfg = Debug|Any CPU
		{51B3844A-7CC9-451D-8A3C-4BD46601FFE2}.Debug|Any CPU.Build.0 = Debug|Any CPU
		{51B3844A-7CC9-451D-8A3C-4BD46601FFE2}.Release|Any CPU.ActiveCfg = Release|Any CPU
		{51B3844A-7CC9-451D-8A3C-4BD46601FFE2}.Release|Any CPU.Build.0 = Release|Any CPU
		{46E9CC8D-30A7-45F6-9153-F31C4B4AFED4}.Debug|Any CPU.ActiveCfg = Debug|Any CPU
		{46E9CC8D-30A7-45F6-9153-F31C4B4AFED4}.Debug|Any CPU.Build.0 = Debug|Any CPU
		{46E9CC8D-30A7-45F6-9153-F31C4B4AFED4}.Release|Any CPU.ActiveCfg = Release|Any CPU
		{46E9CC8D-30A7-45F6-9153-F31C4B4AFED4}.Release|Any CPU.Build.0 = Release|Any CPU
		{359AC2D5-5FB9-4FE0-AA88-C681FDD8D6B2}.Debug|Any CPU.ActiveCfg = Debug|Any CPU
		{359AC2D5-5FB9-4FE0-AA88-C681FDD8D6B2}.Debug|Any CPU.Build.0 = Debug|Any CPU
		{359AC2D5-5FB9-4FE0-AA88-C681FDD8D6B2}.Release|Any CPU.ActiveCfg = Release|Any CPU
		{359AC2D5-5FB9-4FE0-AA88-C681FDD8D6B2}.Release|Any CPU.Build.0 = Release|Any CPU
		{9FBAF6A8-35EF-4795-8526-9219B2F41199}.Debug|Any CPU.ActiveCfg = Debug|Any CPU
		{9FBAF6A8-35EF-4795-8526-9219B2F41199}.Debug|Any CPU.Build.0 = Debug|Any CPU
		{9FBAF6A8-35EF-4795-8526-9219B2F41199}.Release|Any CPU.ActiveCfg = Release|Any CPU
		{9FBAF6A8-35EF-4795-8526-9219B2F41199}.Release|Any CPU.Build.0 = Release|Any CPU
		{963F0B78-B228-48BA-A74F-D078E86B85A6}.Debug|Any CPU.ActiveCfg = Debug|Any CPU
		{963F0B78-B228-48BA-A74F-D078E86B85A6}.Debug|Any CPU.Build.0 = Debug|Any CPU
		{963F0B78-B228-48BA-A74F-D078E86B85A6}.Release|Any CPU.ActiveCfg = Release|Any CPU
		{963F0B78-B228-48BA-A74F-D078E86B85A6}.Release|Any CPU.Build.0 = Release|Any CPU
		{19E89C23-AD6E-457E-BBD6-C2E27E707019}.Debug|Any CPU.ActiveCfg = Debug|Any CPU
		{19E89C23-AD6E-457E-BBD6-C2E27E707019}.Debug|Any CPU.Build.0 = Debug|Any CPU
		{19E89C23-AD6E-457E-BBD6-C2E27E707019}.Release|Any CPU.ActiveCfg = Release|Any CPU
		{19E89C23-AD6E-457E-BBD6-C2E27E707019}.Release|Any CPU.Build.0 = Release|Any CPU
		{00A94E64-0B76-4858-9382-38C911B01B5C}.Debug|Any CPU.ActiveCfg = Debug|Any CPU
		{00A94E64-0B76-4858-9382-38C911B01B5C}.Debug|Any CPU.Build.0 = Debug|Any CPU
		{00A94E64-0B76-4858-9382-38C911B01B5C}.Release|Any CPU.ActiveCfg = Release|Any CPU
		{00A94E64-0B76-4858-9382-38C911B01B5C}.Release|Any CPU.Build.0 = Release|Any CPU
		{90C700A2-648B-4155-9946-22D9642FC392}.Debug|Any CPU.ActiveCfg = Debug|Any CPU
		{90C700A2-648B-4155-9946-22D9642FC392}.Debug|Any CPU.Build.0 = Debug|Any CPU
		{90C700A2-648B-4155-9946-22D9642FC392}.Release|Any CPU.ActiveCfg = Release|Any CPU
		{90C700A2-648B-4155-9946-22D9642FC392}.Release|Any CPU.Build.0 = Release|Any CPU
		{4F198D75-23BB-4FEF-870A-0C4CADEE078C}.Debug|Any CPU.ActiveCfg = Debug|Any CPU
		{4F198D75-23BB-4FEF-870A-0C4CADEE078C}.Debug|Any CPU.Build.0 = Debug|Any CPU
		{4F198D75-23BB-4FEF-870A-0C4CADEE078C}.Release|Any CPU.ActiveCfg = Release|Any CPU
		{4F198D75-23BB-4FEF-870A-0C4CADEE078C}.Release|Any CPU.Build.0 = Release|Any CPU
		{8837E190-85F4-464E-8ED8-76C4B4EF4741}.Debug|Any CPU.ActiveCfg = Debug|Any CPU
		{8837E190-85F4-464E-8ED8-76C4B4EF4741}.Debug|Any CPU.Build.0 = Debug|Any CPU
		{8837E190-85F4-464E-8ED8-76C4B4EF4741}.Release|Any CPU.ActiveCfg = Release|Any CPU
		{8837E190-85F4-464E-8ED8-76C4B4EF4741}.Release|Any CPU.Build.0 = Release|Any CPU
		{18D364B0-7371-4AF2-B3A2-03A3D5376FD2}.Debug|Any CPU.ActiveCfg = Debug|Any CPU
		{18D364B0-7371-4AF2-B3A2-03A3D5376FD2}.Debug|Any CPU.Build.0 = Debug|Any CPU
		{18D364B0-7371-4AF2-B3A2-03A3D5376FD2}.Release|Any CPU.ActiveCfg = Release|Any CPU
		{18D364B0-7371-4AF2-B3A2-03A3D5376FD2}.Release|Any CPU.Build.0 = Release|Any CPU
		{CBF3D160-ADB2-4A56-9F0D-A5A59915E120}.Debug|Any CPU.ActiveCfg = Debug|Any CPU
		{CBF3D160-ADB2-4A56-9F0D-A5A59915E120}.Debug|Any CPU.Build.0 = Debug|Any CPU
		{CBF3D160-ADB2-4A56-9F0D-A5A59915E120}.Release|Any CPU.ActiveCfg = Release|Any CPU
		{CBF3D160-ADB2-4A56-9F0D-A5A59915E120}.Release|Any CPU.Build.0 = Release|Any CPU
		{367F185B-D263-4B29-A871-4BB2E0CEF849}.Debug|Any CPU.ActiveCfg = Debug|Any CPU
		{367F185B-D263-4B29-A871-4BB2E0CEF849}.Debug|Any CPU.Build.0 = Debug|Any CPU
		{367F185B-D263-4B29-A871-4BB2E0CEF849}.Release|Any CPU.ActiveCfg = Release|Any CPU
		{367F185B-D263-4B29-A871-4BB2E0CEF849}.Release|Any CPU.Build.0 = Release|Any CPU
		{D1BCB1AE-1146-4598-ADC2-5C511E2B0B44}.Debug|Any CPU.ActiveCfg = Debug|Any CPU
		{D1BCB1AE-1146-4598-ADC2-5C511E2B0B44}.Debug|Any CPU.Build.0 = Debug|Any CPU
		{D1BCB1AE-1146-4598-ADC2-5C511E2B0B44}.Release|Any CPU.ActiveCfg = Release|Any CPU
		{D1BCB1AE-1146-4598-ADC2-5C511E2B0B44}.Release|Any CPU.Build.0 = Release|Any CPU
	EndGlobalSection
	GlobalSection(SolutionProperties) = preSolution
		HideSolutionNode = FALSE
	EndGlobalSection
	GlobalSection(NestedProjects) = preSolution
		{EB3E1333-8899-4377-8F3B-FF7F6ABE7929} = {02EA681E-C7D8-13C7-8484-4AC65E1B71E8}
		{FE25E8C3-32FE-40F0-A2C5-6030E1CF7FA8} = {02EA681E-C7D8-13C7-8484-4AC65E1B71E8}
		{6BA57EA7-13D4-43E3-A4E2-E5285DD84FE1} = {02EA681E-C7D8-13C7-8484-4AC65E1B71E8}
		{AE3C51A1-9477-45BF-BCB4-84F3CEF33F9B} = {EB8AC078-BB73-4FD7-9E61-A36819DE4F63}
		{51B3844A-7CC9-451D-8A3C-4BD46601FFE2} = {EB8AC078-BB73-4FD7-9E61-A36819DE4F63}
		{46E9CC8D-30A7-45F6-9153-F31C4B4AFED4} = {EB8AC078-BB73-4FD7-9E61-A36819DE4F63}
		{359AC2D5-5FB9-4FE0-AA88-C681FDD8D6B2} = {88939780-5AB5-44D6-B187-FB5028633FE8}
		{9FBAF6A8-35EF-4795-8526-9219B2F41199} = {88939780-5AB5-44D6-B187-FB5028633FE8}
		{963F0B78-B228-48BA-A74F-D078E86B85A6} = {88939780-5AB5-44D6-B187-FB5028633FE8}
		{19E89C23-AD6E-457E-BBD6-C2E27E707019} = {4F06360F-1EBE-4A81-8AFB-10680A4637DE}
		{00A94E64-0B76-4858-9382-38C911B01B5C} = {4F06360F-1EBE-4A81-8AFB-10680A4637DE}
		{90C700A2-648B-4155-9946-22D9642FC392} = {4F06360F-1EBE-4A81-8AFB-10680A4637DE}
		{4F198D75-23BB-4FEF-870A-0C4CADEE078C} = {26017FD5-F93C-4796-AAF0-1C2259C1B16A}
		{8837E190-85F4-464E-8ED8-76C4B4EF4741} = {26017FD5-F93C-4796-AAF0-1C2259C1B16A}
		{18D364B0-7371-4AF2-B3A2-03A3D5376FD2} = {26017FD5-F93C-4796-AAF0-1C2259C1B16A}
		{CBF3D160-ADB2-4A56-9F0D-A5A59915E120} = {01503C2D-BC48-493D-B9A6-1769E1986396}
		{367F185B-D263-4B29-A871-4BB2E0CEF849} = {01503C2D-BC48-493D-B9A6-1769E1986396}
		{D1BCB1AE-1146-4598-ADC2-5C511E2B0B44} = {01503C2D-BC48-493D-B9A6-1769E1986396}
	EndGlobalSection
	GlobalSection(ExtensibilityGlobals) = postSolution
		SolutionGuid = {942C1205-DD83-4659-845B-CC2E243F8C0B}
	EndGlobalSection
EndGlobal
